// !$*UTF8*$!
{
	archiveVersion = 1;
	classes = {
	};
	objectVersion = 77;
	objects = {

/* Begin PBXContainerItemProxy section */
		7A254DFC2E1A114A0073AF8E /* PBXContainerItemProxy */ = {
			isa = PBXContainerItemProxy;
			containerPortal = 7A254DE62E1A11480073AF8E /* Project object */;
			proxyType = 1;
			remoteGlobalIDString = 7A254DED2E1A11480073AF8E;
			remoteInfo = LargeFileUpload;
		};
		7A254E062E1A114A0073AF8E /* PBXContainerItemProxy */ = {
			isa = PBXContainerItemProxy;
			containerPortal = 7A254DE62E1A11480073AF8E /* Project object */;
			proxyType = 1;
			remoteGlobalIDString = 7A254DED2E1A11480073AF8E;
			remoteInfo = LargeFileUpload;
		};
/* End PBXContainerItemProxy section */

/* Begin PBXFileReference section */
		7A254DEE2E1A11480073AF8E /* LargeFileUpload.app */ = {isa = PBXFileReference; explicitFileType = wrapper.application; includeInIndex = 0; path = LargeFileUpload.app; sourceTree = BUILT_PRODUCTS_DIR; };
		7A254DFB2E1A114A0073AF8E /* LargeFileUploadTests.xctest */ = {isa = PBXFileReference; explicitFileType = wrapper.cfbundle; includeInIndex = 0; path = LargeFileUploadTests.xctest; sourceTree = BUILT_PRODUCTS_DIR; };
		7A254E052E1A114A0073AF8E /* LargeFileUploadUITests.xctest */ = {isa = PBXFileReference; explicitFileType = wrapper.cfbundle; includeInIndex = 0; path = LargeFileUploadUITests.xctest; sourceTree = BUILT_PRODUCTS_DIR; };
/* End PBXFileReference section */

/* Begin PBXFileSystemSynchronizedBuildFileExceptionSet section */
		7A254E522E1A14440073AF8E /* Exceptions for "LargeFileUpload" folder in "LargeFileUpload" target */ = {
			isa = PBXFileSystemSynchronizedBuildFileExceptionSet;
			membershipExceptions = (
				Info.plist,
			);
			target = 7A254DED2E1A11480073AF8E /* LargeFileUpload */;
		};
/* End PBXFileSystemSynchronizedBuildFileExceptionSet section */

/* Begin PBXFileSystemSynchronizedRootGroup section */
		7A254DF02E1A11480073AF8E /* LargeFileUpload */ = {
			isa = PBXFileSystemSynchronizedRootGroup;
			exceptions = (
				7A254E522E1A14440073AF8E /* Exceptions for "LargeFileUpload" folder in "LargeFileUpload" target */,
			);
			path = LargeFileUpload;
			sourceTree = "<group>";
		};
		7A254DFE2E1A114A0073AF8E /* LargeFileUploadTests */ = {
			isa = PBXFileSystemSynchronizedRootGroup;
			path = LargeFileUploadTests;
			sourceTree = "<group>";
		};
		7A254E082E1A114A0073AF8E /* LargeFileUploadUITests */ = {
			isa = PBXFileSystemSynchronizedRootGroup;
			path = LargeFileUploadUITests;
			sourceTree = "<group>";
		};
/* End PBXFileSystemSynchronizedRootGroup section */

/* Begin PBXFrameworksBuildPhase section */
		7A254DEB2E1A11480073AF8E /* Frameworks */ = {
			isa = PBXFrameworksBuildPhase;
			buildActionMask = 2147483647;
			files = (
			);
			runOnlyForDeploymentPostprocessing = 0;
		};
		7A254DF82E1A114A0073AF8E /* Frameworks */ = {
			isa = PBXFrameworksBuildPhase;
			buildActionMask = 2147483647;
			files = (
			);
			runOnlyForDeploymentPostprocessing = 0;
		};
		7A254E022E1A114A0073AF8E /* Frameworks */ = {
			isa = PBXFrameworksBuildPhase;
			buildActionMask = 2147483647;
			files = (
			);
			runOnlyForDeploymentPostprocessing = 0;
		};
/* End PBXFrameworksBuildPhase section */

/* Begin PBXGroup section */
		7A254DE52E1A11480073AF8E = {
			isa = PBXGroup;
			children = (
				7A254DF02E1A11480073AF8E /* LargeFileUpload */,
				7A254DFE2E1A114A0073AF8E /* LargeFileUploadTests */,
				7A254E082E1A114A0073AF8E /* LargeFileUploadUITests */,
				7A254DEF2E1A11480073AF8E /* Products */,
			);
			sourceTree = "<group>";
		};
		7A254DEF2E1A11480073AF8E /* Products */ = {
			isa = PBXGroup;
			children = (
				7A254DEE2E1A11480073AF8E /* LargeFileUpload.app */,
				7A254DFB2E1A114A0073AF8E /* LargeFileUploadTests.xctest */,
				7A254E052E1A114A0073AF8E /* LargeFileUploadUITests.xctest */,
			);
			name = Products;
			sourceTree = "<group>";
		};
/* End PBXGroup section */

/* Begin PBXNativeTarget section */
		7A254DED2E1A11480073AF8E /* LargeFileUpload */ = {
			isa = PBXNativeTarget;
			buildConfigurationList = 7A254E0F2E1A114A0073AF8E /* Build configuration list for PBXNativeTarget "LargeFileUpload" */;
			buildPhases = (
				7A254DEA2E1A11480073AF8E /* Sources */,
				7A254DEB2E1A11480073AF8E /* Frameworks */,
				7A254DEC2E1A11480073AF8E /* Resources */,
			);
			buildRules = (
			);
			dependencies = (
			);
			fileSystemSynchronizedGroups = (
				7A254DF02E1A11480073AF8E /* LargeFileUpload */,
			);
			name = LargeFileUpload;
			packageProductDependencies = (
			);
			productName = LargeFileUpload;
			productReference = 7A254DEE2E1A11480073AF8E /* LargeFileUpload.app */;
			productType = "com.apple.product-type.application";
		};
		7A254DFA2E1A114A0073AF8E /* LargeFileUploadTests */ = {
			isa = PBXNativeTarget;
			buildConfigurationList = 7A254E122E1A114A0073AF8E /* Build configuration list for PBXNativeTarget "LargeFileUploadTests" */;
			buildPhases = (
				7A254DF72E1A114A0073AF8E /* Sources */,
				7A254DF82E1A114A0073AF8E /* Frameworks */,
				7A254DF92E1A114A0073AF8E /* Resources */,
			);
			buildRules = (
			);
			dependencies = (
				7A254DFD2E1A114A0073AF8E /* PBXTargetDependency */,
			);
			fileSystemSynchronizedGroups = (
				7A254DFE2E1A114A0073AF8E /* LargeFileUploadTests */,
			);
			name = LargeFileUploadTests;
			packageProductDependencies = (
			);
			productName = LargeFileUploadTests;
			productReference = 7A254DFB2E1A114A0073AF8E /* LargeFileUploadTests.xctest */;
			productType = "com.apple.product-type.bundle.unit-test";
		};
		7A254E042E1A114A0073AF8E /* LargeFileUploadUITests */ = {
			isa = PBXNativeTarget;
			buildConfigurationList = 7A254E152E1A114A0073AF8E /* Build configuration list for PBXNativeTarget "LargeFileUploadUITests" */;
			buildPhases = (
				7A254E012E1A114A0073AF8E /* Sources */,
				7A254E022E1A114A0073AF8E /* Frameworks */,
				7A254E032E1A114A0073AF8E /* Resources */,
			);
			buildRules = (
			);
			dependencies = (
				7A254E072E1A114A0073AF8E /* PBXTargetDependency */,
			);
			fileSystemSynchronizedGroups = (
				7A254E082E1A114A0073AF8E /* LargeFileUploadUITests */,
			);
			name = LargeFileUploadUITests;
			packageProductDependencies = (
			);
			productName = LargeFileUploadUITests;
			productReference = 7A254E052E1A114A0073AF8E /* LargeFileUploadUITests.xctest */;
			productType = "com.apple.product-type.bundle.ui-testing";
		};
/* End PBXNativeTarget section */

/* Begin PBXProject section */
		7A254DE62E1A11480073AF8E /* Project object */ = {
			isa = PBXProject;
			attributes = {
				BuildIndependentTargetsInParallel = 1;
				LastSwiftUpdateCheck = 1640;
				LastUpgradeCheck = 1640;
				TargetAttributes = {
					7A254DED2E1A11480073AF8E = {
						CreatedOnToolsVersion = 16.4;
					};
					7A254DFA2E1A114A0073AF8E = {
						CreatedOnToolsVersion = 16.4;
						TestTargetID = 7A254DED2E1A11480073AF8E;
					};
					7A254E042E1A114A0073AF8E = {
						CreatedOnToolsVersion = 16.4;
						TestTargetID = 7A254DED2E1A11480073AF8E;
					};
				};
			};
			buildConfigurationList = 7A254DE92E1A11480073AF8E /* Build configuration list for PBXProject "LargeFileUpload" */;
			developmentRegion = en;
			hasScannedForEncodings = 0;
			knownRegions = (
				en,
				Base,
			);
			mainGroup = 7A254DE52E1A11480073AF8E;
			minimizedProjectReferenceProxies = 1;
			preferredProjectObjectVersion = 77;
			productRefGroup = 7A254DEF2E1A11480073AF8E /* Products */;
			projectDirPath = "";
			projectRoot = "";
			targets = (
				7A254DED2E1A11480073AF8E /* LargeFileUpload */,
				7A254DFA2E1A114A0073AF8E /* LargeFileUploadTests */,
				7A254E042E1A114A0073AF8E /* LargeFileUploadUITests */,
			);
		};
/* End PBXProject section */

/* Begin PBXResourcesBuildPhase section */
		7A254DEC2E1A11480073AF8E /* Resources */ = {
			isa = PBXResourcesBuildPhase;
			buildActionMask = 2147483647;
			files = (
			);
			runOnlyForDeploymentPostprocessing = 0;
		};
		7A254DF92E1A114A0073AF8E /* Resources */ = {
			isa = PBXResourcesBuildPhase;
			buildActionMask = 2147483647;
			files = (
			);
			runOnlyForDeploymentPostprocessing = 0;
		};
		7A254E032E1A114A0073AF8E /* Resources */ = {
			isa = PBXResourcesBuildPhase;
			buildActionMask = 2147483647;
			files = (
			);
			runOnlyForDeploymentPostprocessing = 0;
		};
/* End PBXResourcesBuildPhase section */

/* Begin PBXSourcesBuildPhase section */
		7A254DEA2E1A11480073AF8E /* Sources */ = {
			isa = PBXSourcesBuildPhase;
			buildActionMask = 2147483647;
			files = (
			);
			runOnlyForDeploymentPostprocessing = 0;
		};
		7A254DF72E1A114A0073AF8E /* Sources */ = {
			isa = PBXSourcesBuildPhase;
			buildActionMask = 2147483647;
			files = (
			);
			runOnlyForDeploymentPostprocessing = 0;
		};
		7A254E012E1A114A0073AF8E /* Sources */ = {
			isa = PBXSourcesBuildPhase;
			buildActionMask = 2147483647;
			files = (
			);
			runOnlyForDeploymentPostprocessing = 0;
		};
/* End PBXSourcesBuildPhase section */

/* Begin PBXTargetDependency section */
		7A254DFD2E1A114A0073AF8E /* PBXTargetDependency */ = {
			isa = PBXTargetDependency;
			target = 7A254DED2E1A11480073AF8E /* LargeFileUpload */;
			targetProxy = 7A254DFC2E1A114A0073AF8E /* PBXContainerItemProxy */;
		};
		7A254E072E1A114A0073AF8E /* PBXTargetDependency */ = {
			isa = PBXTargetDependency;
			target = 7A254DED2E1A11480073AF8E /* LargeFileUpload */;
			targetProxy = 7A254E062E1A114A0073AF8E /* PBXContainerItemProxy */;
		};
/* End PBXTargetDependency section */

/* Begin XCBuildConfiguration section */
		7A254E0D2E1A114A0073AF8E /* Debug */ = {
			isa = XCBuildConfiguration;
			buildSettings = {
				ALWAYS_SEARCH_USER_PATHS = NO;
				ASSETCATALOG_COMPILER_GENERATE_SWIFT_ASSET_SYMBOL_EXTENSIONS = YES;
				CLANG_ANALYZER_NONNULL = YES;
				CLANG_ANALYZER_NUMBER_OBJECT_CONVERSION = YES_AGGRESSIVE;
				CLANG_CXX_LANGUAGE_STANDARD = "gnu++20";
				CLANG_ENABLE_MODULES = YES;
				CLANG_ENABLE_OBJC_ARC = YES;
				CLANG_ENABLE_OBJC_WEAK = YES;
				CLANG_WARN_BLOCK_CAPTURE_AUTORELEASING = YES;
				CLANG_WARN_BOOL_CONVERSION = YES;
				CLANG_WARN_COMMA = YES;
				CLANG_WARN_CONSTANT_CONVERSION = YES;
				CLANG_WARN_DEPRECATED_OBJC_IMPLEMENTATIONS = YES;
				CLANG_WARN_DIRECT_OBJC_ISA_USAGE = YES_ERROR;
				CLANG_WARN_DOCUMENTATION_COMMENTS = YES;
				CLANG_WARN_EMPTY_BODY = YES;
				CLANG_WARN_ENUM_CONVERSION = YES;
				CLANG_WARN_INFINITE_RECURSION = YES;
				CLANG_WARN_INT_CONVERSION = YES;
				CLANG_WARN_NON_LITERAL_NULL_CONVERSION = YES;
				CLANG_WARN_OBJC_IMPLICIT_RETAIN_SELF = YES;
				CLANG_WARN_OBJC_LITERAL_CONVERSION = YES;
				CLANG_WARN_OBJC_ROOT_CLASS = YES_ERROR;
				CLANG_WARN_QUOTED_INCLUDE_IN_FRAMEWORK_HEADER = YES;
				CLANG_WARN_RANGE_LOOP_ANALYSIS = YES;
				CLANG_WARN_STRICT_PROTOTYPES = YES;
				CLANG_WARN_SUSPICIOUS_MOVE = YES;
				CLANG_WARN_UNGUARDED_AVAILABILITY = YES_AGGRESSIVE;
				CLANG_WARN_UNREACHABLE_CODE = YES;
				CLANG_WARN__DUPLICATE_METHOD_MATCH = YES;
				COPY_PHASE_STRIP = NO;
				DEBUG_INFORMATION_FORMAT = dwarf;
				DEVELOPMENT_TEAM = P2HW44ZU6P;
				ENABLE_STRICT_OBJC_MSGSEND = YES;
				ENABLE_TESTABILITY = YES;
				ENABLE_USER_SCRIPT_SANDBOXING = YES;
				GCC_C_LANGUAGE_STANDARD = gnu17;
				GCC_DYNAMIC_NO_PIC = NO;
				GCC_NO_COMMON_BLOCKS = YES;
				GCC_OPTIMIZATION_LEVEL = 0;
				GCC_PREPROCESSOR_DEFINITIONS = (
					"DEBUG=1",
					"$(inherited)",
				);
				GCC_WARN_64_TO_32_BIT_CONVERSION = YES;
				GCC_WARN_ABOUT_RETURN_TYPE = YES_ERROR;
				GCC_WARN_UNDECLARED_SELECTOR = YES;
				GCC_WARN_UNINITIALIZED_AUTOS = YES_AGGRESSIVE;
				GCC_WARN_UNUSED_FUNCTION = YES;
				GCC_WARN_UNUSED_VARIABLE = YES;
				IPHONEOS_DEPLOYMENT_TARGET = 18.5;
				LOCALIZATION_PREFERS_STRING_CATALOGS = YES;
				MTL_ENABLE_DEBUG_INFO = INCLUDE_SOURCE;
				MTL_FAST_MATH = YES;
				ONLY_ACTIVE_ARCH = YES;
				SDKROOT = iphoneos;
				SWIFT_ACTIVE_COMPILATION_CONDITIONS = "DEBUG $(inherited)";
				SWIFT_OPTIMIZATION_LEVEL = "-Onone";
			};
			name = Debug;
		};
		7A254E0E2E1A114A0073AF8E /* Release */ = {
			isa = XCBuildConfiguration;
			buildSettings = {
				ALWAYS_SEARCH_USER_PATHS = NO;
				ASSETCATALOG_COMPILER_GENERATE_SWIFT_ASSET_SYMBOL_EXTENSIONS = YES;
				CLANG_ANALYZER_NONNULL = YES;
				CLANG_ANALYZER_NUMBER_OBJECT_CONVERSION = YES_AGGRESSIVE;
				CLANG_CXX_LANGUAGE_STANDARD = "gnu++20";
				CLANG_ENABLE_MODULES = YES;
				CLANG_ENABLE_OBJC_ARC = YES;
				CLANG_ENABLE_OBJC_WEAK = YES;
				CLANG_WARN_BLOCK_CAPTURE_AUTORELEASING = YES;
				CLANG_WARN_BOOL_CONVERSION = YES;
				CLANG_WARN_COMMA = YES;
				CLANG_WARN_CONSTANT_CONVERSION = YES;
				CLANG_WARN_DEPRECATED_OBJC_IMPLEMENTATIONS = YES;
				CLANG_WARN_DIRECT_OBJC_ISA_USAGE = YES_ERROR;
				CLANG_WARN_DOCUMENTATION_COMMENTS = YES;
				CLANG_WARN_EMPTY_BODY = YES;
				CLANG_WARN_ENUM_CONVERSION = YES;
				CLANG_WARN_INFINITE_RECURSION = YES;
				CLANG_WARN_INT_CONVERSION = YES;
				CLANG_WARN_NON_LITERAL_NULL_CONVERSION = YES;
				CLANG_WARN_OBJC_IMPLICIT_RETAIN_SELF = YES;
				CLANG_WARN_OBJC_LITERAL_CONVERSION = YES;
				CLANG_WARN_OBJC_ROOT_CLASS = YES_ERROR;
				CLANG_WARN_QUOTED_INCLUDE_IN_FRAMEWORK_HEADER = YES;
				CLANG_WARN_RANGE_LOOP_ANALYSIS = YES;
				CLANG_WARN_STRICT_PROTOTYPES = YES;
				CLANG_WARN_SUSPICIOUS_MOVE = YES;
				CLANG_WARN_UNGUARDED_AVAILABILITY = YES_AGGRESSIVE;
				CLANG_WARN_UNREACHABLE_CODE = YES;
				CLANG_WARN__DUPLICATE_METHOD_MATCH = YES;
				COPY_PHASE_STRIP = NO;
				DEBUG_INFORMATION_FORMAT = "dwarf-with-dsym";
				DEVELOPMENT_TEAM = P2HW44ZU6P;
				ENABLE_NS_ASSERTIONS = NO;
				ENABLE_STRICT_OBJC_MSGSEND = YES;
				ENABLE_USER_SCRIPT_SANDBOXING = YES;
				GCC_C_LANGUAGE_STANDARD = gnu17;
				GCC_NO_COMMON_BLOCKS = YES;
				GCC_WARN_64_TO_32_BIT_CONVERSION = YES;
				GCC_WARN_ABOUT_RETURN_TYPE = YES_ERROR;
				GCC_WARN_UNDECLARED_SELECTOR = YES;
				GCC_WARN_UNINITIALIZED_AUTOS = YES_AGGRESSIVE;
				GCC_WARN_UNUSED_FUNCTION = YES;
				GCC_WARN_UNUSED_VARIABLE = YES;
				IPHONEOS_DEPLOYMENT_TARGET = 18.5;
				LOCALIZATION_PREFERS_STRING_CATALOGS = YES;
				MTL_ENABLE_DEBUG_INFO = NO;
				MTL_FAST_MATH = YES;
				SDKROOT = iphoneos;
				SWIFT_COMPILATION_MODE = wholemodule;
				VALIDATE_PRODUCT = YES;
			};
			name = Release;
		};
		7A254E102E1A114A0073AF8E /* Debug */ = {
			isa = XCBuildConfiguration;
			buildSettings = {
				ASSETCATALOG_COMPILER_APPICON_NAME = AppIcon;
				ASSETCATALOG_COMPILER_GLOBAL_ACCENT_COLOR_NAME = AccentColor;
				CODE_SIGN_STYLE = Automatic;
				CURRENT_PROJECT_VERSION = 1;
				DEVELOPMENT_TEAM = P2HW44ZU6P;
				ENABLE_PREVIEWS = YES;
				GENERATE_INFOPLIST_FILE = YES;
				INFOPLIST_FILE = LargeFileUpload/Info.plist;
				INFOPLIST_KEY_UIApplicationSceneManifest_Generation = YES;
				INFOPLIST_KEY_UIApplicationSupportsIndirectInputEvents = YES;
				INFOPLIST_KEY_UILaunchScreen_Generation = YES;
				INFOPLIST_KEY_UISupportedInterfaceOrientations_iPad = "UIInterfaceOrientationPortrait UIInterfaceOrientationPortraitUpsideDown UIInterfaceOrientationLandscapeLeft UIInterfaceOrientationLandscapeRight";
				INFOPLIST_KEY_UISupportedInterfaceOrientations_iPhone = "UIInterfaceOrientationPortrait UIInterfaceOrientationLandscapeLeft UIInterfaceOrientationLandscapeRight";
				IPHONEOS_DEPLOYMENT_TARGET = 18.0;
				LD_RUNPATH_SEARCH_PATHS = (
					"$(inherited)",
					"@executable_path/Frameworks",
				);
				MARKETING_VERSION = 1.0;
				PRODUCT_BUNDLE_IDENTIFIER = com.okamyuji.fileupload.LargeFileUpload;
				PRODUCT_NAME = "$(TARGET_NAME)";
				SUPPORTED_PLATFORMS = "iphoneos iphonesimulator";
				SUPPORTS_MACCATALYST = NO;
				SUPPORTS_MAC_DESIGNED_FOR_IPHONE_IPAD = NO;
				SUPPORTS_XR_DESIGNED_FOR_IPHONE_IPAD = NO;
				SWIFT_EMIT_LOC_STRINGS = YES;
				SWIFT_VERSION = 5.0;
				TARGETED_DEVICE_FAMILY = 1;
			};
			name = Debug;
		};
		7A254E112E1A114A0073AF8E /* Release */ = {
			isa = XCBuildConfiguration;
			buildSettings = {
				ASSETCATALOG_COMPILER_APPICON_NAME = AppIcon;
				ASSETCATALOG_COMPILER_GLOBAL_ACCENT_COLOR_NAME = AccentColor;
				CODE_SIGN_STYLE = Automatic;
				CURRENT_PROJECT_VERSION = 1;
				DEVELOPMENT_TEAM = P2HW44ZU6P;
				ENABLE_PREVIEWS = YES;
				GENERATE_INFOPLIST_FILE = YES;
				INFOPLIST_FILE = LargeFileUpload/Info.plist;
				INFOPLIST_KEY_UIApplicationSceneManifest_Generation = YES;
				INFOPLIST_KEY_UIApplicationSupportsIndirectInputEvents = YES;
				INFOPLIST_KEY_UILaunchScreen_Generation = YES;
				INFOPLIST_KEY_UISupportedInterfaceOrientations_iPad = "UIInterfaceOrientationPortrait UIInterfaceOrientationPortraitUpsideDown UIInterfaceOrientationLandscapeLeft UIInterfaceOrientationLandscapeRight";
				INFOPLIST_KEY_UISupportedInterfaceOrientations_iPhone = "UIInterfaceOrientationPortrait UIInterfaceOrientationLandscapeLeft UIInterfaceOrientationLandscapeRight";
				IPHONEOS_DEPLOYMENT_TARGET = 18.0;
				LD_RUNPATH_SEARCH_PATHS = (
					"$(inherited)",
					"@executable_path/Frameworks",
				);
				MARKETING_VERSION = 1.0;
				PRODUCT_BUNDLE_IDENTIFIER = com.okamyuji.fileupload.LargeFileUpload;
				PRODUCT_NAME = "$(TARGET_NAME)";
				SUPPORTED_PLATFORMS = "iphoneos iphonesimulator";
				SUPPORTS_MACCATALYST = NO;
				SUPPORTS_MAC_DESIGNED_FOR_IPHONE_IPAD = NO;
				SUPPORTS_XR_DESIGNED_FOR_IPHONE_IPAD = NO;
				SWIFT_EMIT_LOC_STRINGS = YES;
				SWIFT_VERSION = 5.0;
				TARGETED_DEVICE_FAMILY = 1;
			};
			name = Release;
		};
		7A254E132E1A114A0073AF8E /* Debug */ = {
			isa = XCBuildConfiguration;
			buildSettings = {
				BUNDLE_LOADER = "$(TEST_HOST)";
				CODE_SIGN_STYLE = Automatic;
				CURRENT_PROJECT_VERSION = 1;
				DEVELOPMENT_TEAM = P2HW44ZU6P;
				GENERATE_INFOPLIST_FILE = YES;
				IPHONEOS_DEPLOYMENT_TARGET = 18.5;
				MARKETING_VERSION = 1.0;
				PRODUCT_BUNDLE_IDENTIFIER = com.okamyuji.fileupload.LargeFileUploadTests;
				PRODUCT_NAME = "$(TARGET_NAME)";
				SWIFT_EMIT_LOC_STRINGS = NO;
				SWIFT_VERSION = 5.0;
				TARGETED_DEVICE_FAMILY = "1,2";
				TEST_HOST = "$(BUILT_PRODUCTS_DIR)/LargeFileUpload.app/$(BUNDLE_EXECUTABLE_FOLDER_PATH)/LargeFileUpload";
			};
			name = Debug;
		};
		7A254E142E1A114A0073AF8E /* Release */ = {
			isa = XCBuildConfiguration;
			buildSettings = {
				BUNDLE_LOADER = "$(TEST_HOST)";
				CODE_SIGN_STYLE = Automatic;
				CURRENT_PROJECT_VERSION = 1;
				DEVELOPMENT_TEAM = P2HW44ZU6P;
				GENERATE_INFOPLIST_FILE = YES;
				IPHONEOS_DEPLOYMENT_TARGET = 18.5;
				MARKETING_VERSION = 1.0;
				PRODUCT_BUNDLE_IDENTIFIER = com.okamyuji.fileupload.LargeFileUploadTests;
				PRODUCT_NAME = "$(TARGET_NAME)";
				SWIFT_EMIT_LOC_STRINGS = NO;
				SWIFT_VERSION = 5.0;
				TARGETED_DEVICE_FAMILY = "1,2";
				TEST_HOST = "$(BUILT_PRODUCTS_DIR)/LargeFileUpload.app/$(BUNDLE_EXECUTABLE_FOLDER_PATH)/LargeFileUpload";
			};
			name = Release;
		};
		7A254E162E1A114A0073AF8E /* Debug */ = {
			isa = XCBuildConfiguration;
			buildSettings = {
				CODE_SIGN_STYLE = Automatic;
				CURRENT_PROJECT_VERSION = 1;
				DEVELOPMENT_TEAM = P2HW44ZU6P;
				GENERATE_INFOPLIST_FILE = YES;
				MARKETING_VERSION = 1.0;
				PRODUCT_BUNDLE_IDENTIFIER = com.okamyuji.fileupload.LargeFileUploadUITests;
				PRODUCT_NAME = "$(TARGET_NAME)";
				SWIFT_EMIT_LOC_STRINGS = NO;
				SWIFT_VERSION = 5.0;
				TARGETED_DEVICE_FAMILY = "1,2";
				TEST_TARGET_NAME = LargeFileUpload;
			};
			name = Debug;
		};
		7A254E172E1A114A0073AF8E /* Release */ = {
			isa = XCBuildConfiguration;
			buildSettings = {
				CODE_SIGN_STYLE = Automatic;
				CURRENT_PROJECT_VERSION = 1;
				DEVELOPMENT_TEAM = P2HW44ZU6P;
				GENERATE_INFOPLIST_FILE = YES;
				MARKETING_VERSION = 1.0;
				PRODUCT_BUNDLE_IDENTIFIER = com.okamyuji.fileupload.LargeFileUploadUITests;
				PRODUCT_NAME = "$(TARGET_NAME)";
				SWIFT_EMIT_LOC_STRINGS = NO;
				SWIFT_VERSION = 5.0;
				TARGETED_DEVICE_FAMILY = "1,2";
				TEST_TARGET_NAME = LargeFileUpload;
			};
			name = Release;
		};
/* End XCBuildConfiguration section */

/* Begin XCConfigurationList section */
		7A254DE92E1A11480073AF8E /* Build configuration list for PBXProject "LargeFileUpload" */ = {
			isa = XCConfigurationList;
			buildConfigurations = (
				7A254E0D2E1A114A0073AF8E /* Debug */,
				7A254E0E2E1A114A0073AF8E /* Release */,
			);
			defaultConfigurationIsVisible = 0;
			defaultConfigurationName = Release;
		};
		7A254E0F2E1A114A0073AF8E /* Build configuration list for PBXNativeTarget "LargeFileUpload" */ = {
			isa = XCConfigurationList;
			buildConfigurations = (
				7A254E102E1A114A0073AF8E /* Debug */,
				7A254E112E1A114A0073AF8E /* Release */,
			);
			defaultConfigurationIsVisible = 0;
			defaultConfigurationName = Release;
		};
		7A254E122E1A114A0073AF8E /* Build configuration list for PBXNativeTarget "LargeFileUploadTests" */ = {
			isa = XCConfigurationList;
			buildConfigurations = (
				7A254E132E1A114A0073AF8E /* Debug */,
				7A254E142E1A114A0073AF8E /* Release */,
			);
			defaultConfigurationIsVisible = 0;
			defaultConfigurationName = Release;
		};
		7A254E152E1A114A0073AF8E /* Build configuration list for PBXNativeTarget "LargeFileUploadUITests" */ = {
			isa = XCConfigurationList;
			buildConfigurations = (
				7A254E162E1A114A0073AF8E /* Debug */,
				7A254E172E1A114A0073AF8E /* Release */,
			);
			defaultConfigurationIsVisible = 0;
			defaultConfigurationName = Release;
		};
/* End XCConfigurationList section */
	};
	rootObject = 7A254DE62E1A11480073AF8E /* Project object */;
}
